
Microsoft Visual Studio Solution File, Format Version 12.00
# Visual Studio Version 17
VisualStudioVersion = 17.0.31903.59
MinimumVisualStudioVersion = 10.0.40219.1
Project("{FAE04EC0-301F-11D3-BF4B-00C04F79EFBC}") = "StringLibrary", "StringLibrary\StringLibrary.csproj", "{240D6BD7-EE40-44C0-A892-F461006319B8}"
EndProject
Project("{FAE04EC0-301F-11D3-BF4B-00C04F79EFBC}") = "ShowCase", "ShowCase\ShowCase.csproj", "{8A4BDC40-095C-4728-8560-4269CD254DBA}"
EndProject
Global
	GlobalSection(SolutionConfigurationPlatforms) = preSolution
		Debug|Any CPU = Debug|Any CPU
		Release|Any CPU = Release|Any CPU
	EndGlobalSection
	GlobalSection(SolutionProperties) = preSolution
		HideSolutionNode = FALSE
	EndGlobalSection
	GlobalSection(ProjectConfigurationPlatforms) = postSolution
		{240D6BD7-EE40-44C0-A892-F461006319B8}.Debug|Any CPU.ActiveCfg = Debug|Any CPU
		{240D6BD7-EE40-44C0-A892-F461006319B8}.Debug|Any CPU.Build.0 = Debug|Any CPU
		{240D6BD7-EE40-44C0-A892-F461006319B8}.Release|Any CPU.ActiveCfg = Release|Any CPU
		{240D6BD7-EE40-44C0-A892-F461006319B8}.Release|Any CPU.Build.0 = Release|Any CPU
		{8A4BDC40-095C-4728-8560-4269CD254DBA}.Debug|Any CPU.ActiveCfg = Debug|Any CPU
		{8A4BDC40-095C-4728-8560-4269CD254DBA}.Debug|Any CPU.Build.0 = Debug|Any CPU
		{8A4BDC40-095C-4728-8560-4269CD254DBA}.Release|Any CPU.ActiveCfg = Release|Any CPU
		{8A4BDC40-095C-4728-8560-4269CD254DBA}.Release|Any CPU.Build.0 = Release|Any CPU
	EndGlobalSection
EndGlobal
